
Microsoft Visual Studio Solution File, Format Version 12.00
# Visual Studio Version 17
VisualStudioVersion = 17.5.002.0
MinimumVisualStudioVersion = 10.0.40219.1
Project("{9A19103F-16F7-4668-BE54-9A1E7A4F7556}") = "learning-csharp", "learning-csharp.csproj", "{3B76D5CE-D2B7-43EF-8B8A-7EBB6A6BC3DF}"
EndProject
Global
	GlobalSection(SolutionConfigurationPlatforms) = preSolution
		Debug|Any CPU = Debug|Any CPU
		Release|Any CPU = Release|Any CPU
	EndGlobalSection
	GlobalSection(ProjectConfigurationPlatforms) = postSolution
		{3B76D5CE-D2B7-43EF-8B8A-7EBB6A6BC3DF}.Debug|Any CPU.ActiveCfg = Debug|Any CPU
		{3B76D5CE-D2B7-43EF-8B8A-7EBB6A6BC3DF}.Debug|Any CPU.Build.0 = Debug|Any CPU
		{3B76D5CE-D2B7-43EF-8B8A-7EBB6A6BC3DF}.Release|Any CPU.ActiveCfg = Release|Any CPU
		{3B76D5CE-D2B7-43EF-8B8A-7EBB6A6BC3DF}.Release|Any CPU.Build.0 = Release|Any CPU
	EndGlobalSection
	GlobalSection(SolutionProperties) = preSolution
		HideSolutionNode = FALSE
	EndGlobalSection
	GlobalSection(ExtensibilityGlobals) = postSolution
		SolutionGuid = {09778CE7-1A25-44E7-92E5-69113DFBB772}
	EndGlobalSection
EndGlobal
